// !$*UTF8*$!
{
	archiveVersion = 1;
	classes = {
	};
	objectVersion = 48;
	objects = {

/* Begin PBXBuildFile section */
		09A75C591F6B0235002472C7 /* AppDelegate.swift in Sources */ = {isa = PBXBuildFile; fileRef = 09A75C581F6B0235002472C7 /* AppDelegate.swift */; };
		09A75C5E1F6B0235002472C7 /* Main.storyboard in Resources */ = {isa = PBXBuildFile; fileRef = 09A75C5C1F6B0235002472C7 /* Main.storyboard */; };
		09A75C601F6B0235002472C7 /* Assets.xcassets in Resources */ = {isa = PBXBuildFile; fileRef = 09A75C5F1F6B0235002472C7 /* Assets.xcassets */; };
		09A75C631F6B0235002472C7 /* LaunchScreen.storyboard in Resources */ = {isa = PBXBuildFile; fileRef = 09A75C611F6B0235002472C7 /* LaunchScreen.storyboard */; };
		09A75C6E1F6B0235002472C7 /* Mastering_LanguageTests.swift in Sources */ = {isa = PBXBuildFile; fileRef = 09A75C6D1F6B0235002472C7 /* Mastering_LanguageTests.swift */; };
		09A75C791F6B0236002472C7 /* Mastering_LanguageUITests.swift in Sources */ = {isa = PBXBuildFile; fileRef = 09A75C781F6B0236002472C7 /* Mastering_LanguageUITests.swift */; };
		09CCCC021F6B0D3E00E0B9B1 /* GoogleService-Info.plist in Resources */ = {isa = PBXBuildFile; fileRef = 09A75C861F6B02F7002472C7 /* GoogleService-Info.plist */; };
		09CCCC061F6B12E800E0B9B1 /* LoginViewController.swift in Sources */ = {isa = PBXBuildFile; fileRef = 09CCCC041F6B12E800E0B9B1 /* LoginViewController.swift */; };
		09CCCC071F6B12E800E0B9B1 /* LoginViewController.xib in Resources */ = {isa = PBXBuildFile; fileRef = 09CCCC051F6B12E800E0B9B1 /* LoginViewController.xib */; };
		09CCCC0A1F6B1E1D00E0B9B1 /* DataManager.swift in Sources */ = {isa = PBXBuildFile; fileRef = 09CCCC091F6B1E1D00E0B9B1 /* DataManager.swift */; };
		1B2571AA08E80DB2393D2467 /* Pods_Matering_LanguageTests.framework in Frameworks */ = {isa = PBXBuildFile; fileRef = 22E957BC0F741C20F9DF9B35 /* Pods_Matering_LanguageTests.framework */; };
		1C0DBD1F1F6BC762006ED28C /* UIView+Extension.swift in Sources */ = {isa = PBXBuildFile; fileRef = 1C0DBD1E1F6BC762006ED28C /* UIView+Extension.swift */; };
		1C0DBD231F6BC7AF006ED28C /* CategoriesTableViewCell.swift in Sources */ = {isa = PBXBuildFile; fileRef = 1C0DBD211F6BC7AF006ED28C /* CategoriesTableViewCell.swift */; };
		1C0DBD241F6BC7AF006ED28C /* CategoriesTableViewCell.xib in Resources */ = {isa = PBXBuildFile; fileRef = 1C0DBD221F6BC7AF006ED28C /* CategoriesTableViewCell.xib */; };
		1C0DBD281F6BC811006ED28C /* PassageViewController.swift in Sources */ = {isa = PBXBuildFile; fileRef = 1C0DBD261F6BC811006ED28C /* PassageViewController.swift */; };
		1C0DBD291F6BC811006ED28C /* PassageViewController.xib in Resources */ = {isa = PBXBuildFile; fileRef = 1C0DBD271F6BC811006ED28C /* PassageViewController.xib */; };
		1C0DBD2D1F6BCBC9006ED28C /* CategoryList.swift in Sources */ = {isa = PBXBuildFile; fileRef = 1C0DBD2C1F6BCBC9006ED28C /* CategoryList.swift */; };
		1C90BE061F6B104600E85221 /* Coordinator.swift in Sources */ = {isa = PBXBuildFile; fileRef = 1C90BE051F6B104600E85221 /* Coordinator.swift */; };
		1C90BE081F6B10E200E85221 /* AppCoordinator.swift in Sources */ = {isa = PBXBuildFile; fileRef = 1C90BE071F6B10E200E85221 /* AppCoordinator.swift */; };
		1C90BE111F6B1A5300E85221 /* CategoriesViewController.swift in Sources */ = {isa = PBXBuildFile; fileRef = 1C90BE0F1F6B1A5300E85221 /* CategoriesViewController.swift */; };
		1C90BE121F6B1A5300E85221 /* CategoriesViewController.xib in Resources */ = {isa = PBXBuildFile; fileRef = 1C90BE101F6B1A5300E85221 /* CategoriesViewController.xib */; };
		5E1287C31520046B624D81E0 /* Pods_Mastering_Language.framework in Frameworks */ = {isa = PBXBuildFile; fileRef = 9A10AB93C9FE6C6CCED49CFC /* Pods_Mastering_Language.framework */; };
		7F6BEC853D6899FF7D2CF9CE /* Pods_Mastering_LanguageTests.framework in Frameworks */ = {isa = PBXBuildFile; fileRef = 6333FF9B5D0A5939F73800A9 /* Pods_Mastering_LanguageTests.framework */; };
		CD8F0C7A5ABF340D732DE84D /* Pods_Matering_LanguageUITests.framework in Frameworks */ = {isa = PBXBuildFile; fileRef = 09C6AA5294A4CE7A057C4E26 /* Pods_Matering_LanguageUITests.framework */; };
		DDF291987C9AA363B09B2520 /* Pods_Mastering_LanguageUITests.framework in Frameworks */ = {isa = PBXBuildFile; fileRef = E0595A2616DA0C1A2BD2080C /* Pods_Mastering_LanguageUITests.framework */; };
/* End PBXBuildFile section */

/* Begin PBXContainerItemProxy section */
		09A75C6A1F6B0235002472C7 /* PBXContainerItemProxy */ = {
			isa = PBXContainerItemProxy;
			containerPortal = 09A75C4D1F6B0235002472C7 /* Project object */;
			proxyType = 1;
			remoteGlobalIDString = 09A75C541F6B0235002472C7;
			remoteInfo = "Matering Language";
		};
		09A75C751F6B0235002472C7 /* PBXContainerItemProxy */ = {
			isa = PBXContainerItemProxy;
			containerPortal = 09A75C4D1F6B0235002472C7 /* Project object */;
			proxyType = 1;
			remoteGlobalIDString = 09A75C541F6B0235002472C7;
			remoteInfo = "Matering Language";
		};
/* End PBXContainerItemProxy section */

/* Begin PBXFileReference section */
		09A75C551F6B0235002472C7 /* Mastering Language.app */ = {isa = PBXFileReference; explicitFileType = wrapper.application; includeInIndex = 0; path = "Mastering Language.app"; sourceTree = BUILT_PRODUCTS_DIR; };
		09A75C581F6B0235002472C7 /* AppDelegate.swift */ = {isa = PBXFileReference; lastKnownFileType = sourcecode.swift; path = AppDelegate.swift; sourceTree = "<group>"; };
		09A75C5D1F6B0235002472C7 /* Base */ = {isa = PBXFileReference; lastKnownFileType = file.storyboard; name = Base; path = Base.lproj/Main.storyboard; sourceTree = "<group>"; };
		09A75C5F1F6B0235002472C7 /* Assets.xcassets */ = {isa = PBXFileReference; lastKnownFileType = folder.assetcatalog; path = Assets.xcassets; sourceTree = "<group>"; };
		09A75C621F6B0235002472C7 /* Base */ = {isa = PBXFileReference; lastKnownFileType = file.storyboard; name = Base; path = Base.lproj/LaunchScreen.storyboard; sourceTree = "<group>"; };
		09A75C641F6B0235002472C7 /* Info.plist */ = {isa = PBXFileReference; lastKnownFileType = text.plist.xml; path = Info.plist; sourceTree = "<group>"; };
		09A75C691F6B0235002472C7 /* Mastering LanguageTests.xctest */ = {isa = PBXFileReference; explicitFileType = wrapper.cfbundle; includeInIndex = 0; path = "Mastering LanguageTests.xctest"; sourceTree = BUILT_PRODUCTS_DIR; };
		09A75C6D1F6B0235002472C7 /* Mastering_LanguageTests.swift */ = {isa = PBXFileReference; lastKnownFileType = sourcecode.swift; path = Mastering_LanguageTests.swift; sourceTree = "<group>"; };
		09A75C6F1F6B0235002472C7 /* Info.plist */ = {isa = PBXFileReference; lastKnownFileType = text.plist.xml; path = Info.plist; sourceTree = "<group>"; };
		09A75C741F6B0235002472C7 /* Mastering LanguageUITests.xctest */ = {isa = PBXFileReference; explicitFileType = wrapper.cfbundle; includeInIndex = 0; path = "Mastering LanguageUITests.xctest"; sourceTree = BUILT_PRODUCTS_DIR; };
		09A75C781F6B0236002472C7 /* Mastering_LanguageUITests.swift */ = {isa = PBXFileReference; lastKnownFileType = sourcecode.swift; path = Mastering_LanguageUITests.swift; sourceTree = "<group>"; };
		09A75C7A1F6B0236002472C7 /* Info.plist */ = {isa = PBXFileReference; lastKnownFileType = text.plist.xml; path = Info.plist; sourceTree = "<group>"; };
		09A75C861F6B02F7002472C7 /* GoogleService-Info.plist */ = {isa = PBXFileReference; lastKnownFileType = text.plist.xml; path = "GoogleService-Info.plist"; sourceTree = "<group>"; };
		09C6AA5294A4CE7A057C4E26 /* Pods_Matering_LanguageUITests.framework */ = {isa = PBXFileReference; explicitFileType = wrapper.framework; includeInIndex = 0; path = Pods_Matering_LanguageUITests.framework; sourceTree = BUILT_PRODUCTS_DIR; };
		09CCCC041F6B12E800E0B9B1 /* LoginViewController.swift */ = {isa = PBXFileReference; lastKnownFileType = sourcecode.swift; path = LoginViewController.swift; sourceTree = "<group>"; };
		09CCCC051F6B12E800E0B9B1 /* LoginViewController.xib */ = {isa = PBXFileReference; lastKnownFileType = file.xib; path = LoginViewController.xib; sourceTree = "<group>"; };
		09CCCC091F6B1E1D00E0B9B1 /* DataManager.swift */ = {isa = PBXFileReference; lastKnownFileType = sourcecode.swift; path = DataManager.swift; sourceTree = "<group>"; };
		1C0DBD1E1F6BC762006ED28C /* UIView+Extension.swift */ = {isa = PBXFileReference; lastKnownFileType = sourcecode.swift; path = "UIView+Extension.swift"; sourceTree = "<group>"; };
		1C0DBD211F6BC7AF006ED28C /* CategoriesTableViewCell.swift */ = {isa = PBXFileReference; lastKnownFileType = sourcecode.swift; path = CategoriesTableViewCell.swift; sourceTree = "<group>"; };
		1C0DBD221F6BC7AF006ED28C /* CategoriesTableViewCell.xib */ = {isa = PBXFileReference; lastKnownFileType = file.xib; path = CategoriesTableViewCell.xib; sourceTree = "<group>"; };
		1C0DBD261F6BC811006ED28C /* PassageViewController.swift */ = {isa = PBXFileReference; lastKnownFileType = sourcecode.swift; path = PassageViewController.swift; sourceTree = "<group>"; };
		1C0DBD271F6BC811006ED28C /* PassageViewController.xib */ = {isa = PBXFileReference; lastKnownFileType = file.xib; path = PassageViewController.xib; sourceTree = "<group>"; };
		1C0DBD2C1F6BCBC9006ED28C /* CategoryList.swift */ = {isa = PBXFileReference; lastKnownFileType = sourcecode.swift; path = CategoryList.swift; sourceTree = "<group>"; };
		1C90BE051F6B104600E85221 /* Coordinator.swift */ = {isa = PBXFileReference; lastKnownFileType = sourcecode.swift; path = Coordinator.swift; sourceTree = "<group>"; };
		1C90BE071F6B10E200E85221 /* AppCoordinator.swift */ = {isa = PBXFileReference; lastKnownFileType = sourcecode.swift; path = AppCoordinator.swift; sourceTree = "<group>"; };
		1C90BE0F1F6B1A5300E85221 /* CategoriesViewController.swift */ = {isa = PBXFileReference; lastKnownFileType = sourcecode.swift; path = CategoriesViewController.swift; sourceTree = "<group>"; };
		1C90BE101F6B1A5300E85221 /* CategoriesViewController.xib */ = {isa = PBXFileReference; lastKnownFileType = file.xib; path = CategoriesViewController.xib; sourceTree = "<group>"; };
		22E957BC0F741C20F9DF9B35 /* Pods_Matering_LanguageTests.framework */ = {isa = PBXFileReference; explicitFileType = wrapper.framework; includeInIndex = 0; path = Pods_Matering_LanguageTests.framework; sourceTree = BUILT_PRODUCTS_DIR; };
		2468D049C097B22F3F77C27D /* Pods-Matering LanguageUITests.release.xcconfig */ = {isa = PBXFileReference; includeInIndex = 1; lastKnownFileType = text.xcconfig; name = "Pods-Matering LanguageUITests.release.xcconfig"; path = "Pods/Target Support Files/Pods-Matering LanguageUITests/Pods-Matering LanguageUITests.release.xcconfig"; sourceTree = "<group>"; };
		3302E9617BCB5F1222376D40 /* Pods-Matering LanguageTests.debug.xcconfig */ = {isa = PBXFileReference; includeInIndex = 1; lastKnownFileType = text.xcconfig; name = "Pods-Matering LanguageTests.debug.xcconfig"; path = "Pods/Target Support Files/Pods-Matering LanguageTests/Pods-Matering LanguageTests.debug.xcconfig"; sourceTree = "<group>"; };
		60407C9AEC0274210E6FD538 /* Pods_Matering_Language.framework */ = {isa = PBXFileReference; explicitFileType = wrapper.framework; includeInIndex = 0; path = Pods_Matering_Language.framework; sourceTree = BUILT_PRODUCTS_DIR; };
		6333FF9B5D0A5939F73800A9 /* Pods_Mastering_LanguageTests.framework */ = {isa = PBXFileReference; explicitFileType = wrapper.framework; includeInIndex = 0; path = Pods_Mastering_LanguageTests.framework; sourceTree = BUILT_PRODUCTS_DIR; };
		7AAF3AAB51E298231F433775 /* Pods-Matering LanguageUITests.debug.xcconfig */ = {isa = PBXFileReference; includeInIndex = 1; lastKnownFileType = text.xcconfig; name = "Pods-Matering LanguageUITests.debug.xcconfig"; path = "Pods/Target Support Files/Pods-Matering LanguageUITests/Pods-Matering LanguageUITests.debug.xcconfig"; sourceTree = "<group>"; };
		8056E3ADDC3C157D224F9AF3 /* Pods-Matering LanguageTests.release.xcconfig */ = {isa = PBXFileReference; includeInIndex = 1; lastKnownFileType = text.xcconfig; name = "Pods-Matering LanguageTests.release.xcconfig"; path = "Pods/Target Support Files/Pods-Matering LanguageTests/Pods-Matering LanguageTests.release.xcconfig"; sourceTree = "<group>"; };
		92CAA480FA0BA56E4593851B /* Pods-Mastering LanguageTests.debug.xcconfig */ = {isa = PBXFileReference; includeInIndex = 1; lastKnownFileType = text.xcconfig; name = "Pods-Mastering LanguageTests.debug.xcconfig"; path = "Pods/Target Support Files/Pods-Mastering LanguageTests/Pods-Mastering LanguageTests.debug.xcconfig"; sourceTree = "<group>"; };
		9A10AB93C9FE6C6CCED49CFC /* Pods_Mastering_Language.framework */ = {isa = PBXFileReference; explicitFileType = wrapper.framework; includeInIndex = 0; path = Pods_Mastering_Language.framework; sourceTree = BUILT_PRODUCTS_DIR; };
		9A8138AEE3D7BC9A7ADC0B4B /* Pods-Matering Language.release.xcconfig */ = {isa = PBXFileReference; includeInIndex = 1; lastKnownFileType = text.xcconfig; name = "Pods-Matering Language.release.xcconfig"; path = "Pods/Target Support Files/Pods-Matering Language/Pods-Matering Language.release.xcconfig"; sourceTree = "<group>"; };
		B1557B68B06F0A6DF91435E3 /* Pods-Mastering Language.release.xcconfig */ = {isa = PBXFileReference; includeInIndex = 1; lastKnownFileType = text.xcconfig; name = "Pods-Mastering Language.release.xcconfig"; path = "Pods/Target Support Files/Pods-Mastering Language/Pods-Mastering Language.release.xcconfig"; sourceTree = "<group>"; };
		C16BCD8941D632C973679B64 /* Pods-Mastering LanguageUITests.release.xcconfig */ = {isa = PBXFileReference; includeInIndex = 1; lastKnownFileType = text.xcconfig; name = "Pods-Mastering LanguageUITests.release.xcconfig"; path = "Pods/Target Support Files/Pods-Mastering LanguageUITests/Pods-Mastering LanguageUITests.release.xcconfig"; sourceTree = "<group>"; };
		E0595A2616DA0C1A2BD2080C /* Pods_Mastering_LanguageUITests.framework */ = {isa = PBXFileReference; explicitFileType = wrapper.framework; includeInIndex = 0; path = Pods_Mastering_LanguageUITests.framework; sourceTree = BUILT_PRODUCTS_DIR; };
		EA4DEDBEF04476260A79544B /* Pods-Mastering LanguageTests.release.xcconfig */ = {isa = PBXFileReference; includeInIndex = 1; lastKnownFileType = text.xcconfig; name = "Pods-Mastering LanguageTests.release.xcconfig"; path = "Pods/Target Support Files/Pods-Mastering LanguageTests/Pods-Mastering LanguageTests.release.xcconfig"; sourceTree = "<group>"; };
		F6AECF5503240D2A2728733A /* Pods-Matering Language.debug.xcconfig */ = {isa = PBXFileReference; includeInIndex = 1; lastKnownFileType = text.xcconfig; name = "Pods-Matering Language.debug.xcconfig"; path = "Pods/Target Support Files/Pods-Matering Language/Pods-Matering Language.debug.xcconfig"; sourceTree = "<group>"; };
		F8381145B457436508C51E8B /* Pods-Mastering Language.debug.xcconfig */ = {isa = PBXFileReference; includeInIndex = 1; lastKnownFileType = text.xcconfig; name = "Pods-Mastering Language.debug.xcconfig"; path = "Pods/Target Support Files/Pods-Mastering Language/Pods-Mastering Language.debug.xcconfig"; sourceTree = "<group>"; };
		FDC0867932B8988D97C2B1D3 /* Pods-Mastering LanguageUITests.debug.xcconfig */ = {isa = PBXFileReference; includeInIndex = 1; lastKnownFileType = text.xcconfig; name = "Pods-Mastering LanguageUITests.debug.xcconfig"; path = "Pods/Target Support Files/Pods-Mastering LanguageUITests/Pods-Mastering LanguageUITests.debug.xcconfig"; sourceTree = "<group>"; };
/* End PBXFileReference section */

/* Begin PBXFrameworksBuildPhase section */
		09A75C521F6B0235002472C7 /* Frameworks */ = {
			isa = PBXFrameworksBuildPhase;
			buildActionMask = 2147483647;
			files = (
				5E1287C31520046B624D81E0 /* Pods_Mastering_Language.framework in Frameworks */,
			);
			runOnlyForDeploymentPostprocessing = 0;
		};
		09A75C661F6B0235002472C7 /* Frameworks */ = {
			isa = PBXFrameworksBuildPhase;
			buildActionMask = 2147483647;
			files = (
				1B2571AA08E80DB2393D2467 /* Pods_Matering_LanguageTests.framework in Frameworks */,
				7F6BEC853D6899FF7D2CF9CE /* Pods_Mastering_LanguageTests.framework in Frameworks */,
			);
			runOnlyForDeploymentPostprocessing = 0;
		};
		09A75C711F6B0235002472C7 /* Frameworks */ = {
			isa = PBXFrameworksBuildPhase;
			buildActionMask = 2147483647;
			files = (
				CD8F0C7A5ABF340D732DE84D /* Pods_Matering_LanguageUITests.framework in Frameworks */,
				DDF291987C9AA363B09B2520 /* Pods_Mastering_LanguageUITests.framework in Frameworks */,
			);
			runOnlyForDeploymentPostprocessing = 0;
		};
/* End PBXFrameworksBuildPhase section */

/* Begin PBXGroup section */
		09A75C4C1F6B0235002472C7 = {
			isa = PBXGroup;
			children = (
				09A75C571F6B0235002472C7 /* Mastering Language */,
				09A75C6C1F6B0235002472C7 /* Mastering LanguageTests */,
				09A75C771F6B0236002472C7 /* Mastering LanguageUITests */,
				09A75C561F6B0235002472C7 /* Products */,
				9A51BFC9E439820B8296E940 /* Pods */,
				A48F58680E9C2978B0D96DCC /* Frameworks */,
			);
			sourceTree = "<group>";
		};
		09A75C561F6B0235002472C7 /* Products */ = {
			isa = PBXGroup;
			children = (
				09A75C551F6B0235002472C7 /* Mastering Language.app */,
				09A75C691F6B0235002472C7 /* Mastering LanguageTests.xctest */,
				09A75C741F6B0235002472C7 /* Mastering LanguageUITests.xctest */,
			);
			name = Products;
			sourceTree = "<group>";
		};
		09A75C571F6B0235002472C7 /* Mastering Language */ = {
			isa = PBXGroup;
			children = (
				1C0DBD2B1F6BCBAB006ED28C /* Category */,
				1C0DBD201F6BC77A006ED28C /* TableViewCells */,
				1C0DBD1D1F6BC734006ED28C /* Extensions */,
				09CCCC081F6B1E0000E0B9B1 /* Storage */,
				09CCCC031F6B12AD00E0B9B1 /* ViewControllers */,
				1C90BE041F6B0FE400E85221 /* Coordinators */,
				09A75C581F6B0235002472C7 /* AppDelegate.swift */,
				09A75C5C1F6B0235002472C7 /* Main.storyboard */,
				09A75C5F1F6B0235002472C7 /* Assets.xcassets */,
				09A75C611F6B0235002472C7 /* LaunchScreen.storyboard */,
				09A75C641F6B0235002472C7 /* Info.plist */,
				09A75C861F6B02F7002472C7 /* GoogleService-Info.plist */,
			);
			path = "Mastering Language";
			sourceTree = "<group>";
		};
		09A75C6C1F6B0235002472C7 /* Mastering LanguageTests */ = {
			isa = PBXGroup;
			children = (
				09A75C6D1F6B0235002472C7 /* Mastering_LanguageTests.swift */,
				09A75C6F1F6B0235002472C7 /* Info.plist */,
			);
			path = "Mastering LanguageTests";
			sourceTree = "<group>";
		};
		09A75C771F6B0236002472C7 /* Mastering LanguageUITests */ = {
			isa = PBXGroup;
			children = (
				09A75C781F6B0236002472C7 /* Mastering_LanguageUITests.swift */,
				09A75C7A1F6B0236002472C7 /* Info.plist */,
			);
			path = "Mastering LanguageUITests";
			sourceTree = "<group>";
		};
		09CCCC031F6B12AD00E0B9B1 /* ViewControllers */ = {
			isa = PBXGroup;
			children = (
				09CCCC041F6B12E800E0B9B1 /* LoginViewController.swift */,
				09CCCC051F6B12E800E0B9B1 /* LoginViewController.xib */,
				1C90BE0F1F6B1A5300E85221 /* CategoriesViewController.swift */,
				1C90BE101F6B1A5300E85221 /* CategoriesViewController.xib */,
				1C0DBD261F6BC811006ED28C /* PassageViewController.swift */,
				1C0DBD271F6BC811006ED28C /* PassageViewController.xib */,
			);
			path = ViewControllers;
			sourceTree = "<group>";
		};
		09CCCC081F6B1E0000E0B9B1 /* Storage */ = {
			isa = PBXGroup;
			children = (
				09CCCC091F6B1E1D00E0B9B1 /* DataManager.swift */,
			);
			path = Storage;
			sourceTree = "<group>";
		};
		1C0DBD1D1F6BC734006ED28C /* Extensions */ = {
			isa = PBXGroup;
			children = (
				1C0DBD1E1F6BC762006ED28C /* UIView+Extension.swift */,
			);
			path = Extensions;
			sourceTree = "<group>";
		};
		1C0DBD201F6BC77A006ED28C /* TableViewCells */ = {
			isa = PBXGroup;
			children = (
				1C0DBD211F6BC7AF006ED28C /* CategoriesTableViewCell.swift */,
				1C0DBD221F6BC7AF006ED28C /* CategoriesTableViewCell.xib */,
			);
			path = TableViewCells;
			sourceTree = "<group>";
		};
		1C0DBD2B1F6BCBAB006ED28C /* Category */ = {
			isa = PBXGroup;
			children = (
				1C0DBD2C1F6BCBC9006ED28C /* CategoryList.swift */,
			);
			path = Category;
			sourceTree = "<group>";
		};
		1C90BE041F6B0FE400E85221 /* Coordinators */ = {
			isa = PBXGroup;
			children = (
				1C90BE051F6B104600E85221 /* Coordinator.swift */,
				1C90BE071F6B10E200E85221 /* AppCoordinator.swift */,
			);
			path = Coordinators;
			sourceTree = "<group>";
		};
		9A51BFC9E439820B8296E940 /* Pods */ = {
			isa = PBXGroup;
			children = (
				F6AECF5503240D2A2728733A /* Pods-Matering Language.debug.xcconfig */,
				9A8138AEE3D7BC9A7ADC0B4B /* Pods-Matering Language.release.xcconfig */,
				3302E9617BCB5F1222376D40 /* Pods-Matering LanguageTests.debug.xcconfig */,
				8056E3ADDC3C157D224F9AF3 /* Pods-Matering LanguageTests.release.xcconfig */,
				7AAF3AAB51E298231F433775 /* Pods-Matering LanguageUITests.debug.xcconfig */,
				2468D049C097B22F3F77C27D /* Pods-Matering LanguageUITests.release.xcconfig */,
				F8381145B457436508C51E8B /* Pods-Mastering Language.debug.xcconfig */,
				B1557B68B06F0A6DF91435E3 /* Pods-Mastering Language.release.xcconfig */,
				92CAA480FA0BA56E4593851B /* Pods-Mastering LanguageTests.debug.xcconfig */,
				EA4DEDBEF04476260A79544B /* Pods-Mastering LanguageTests.release.xcconfig */,
				FDC0867932B8988D97C2B1D3 /* Pods-Mastering LanguageUITests.debug.xcconfig */,
				C16BCD8941D632C973679B64 /* Pods-Mastering LanguageUITests.release.xcconfig */,
			);
			name = Pods;
			sourceTree = "<group>";
		};
		A48F58680E9C2978B0D96DCC /* Frameworks */ = {
			isa = PBXGroup;
			children = (
				60407C9AEC0274210E6FD538 /* Pods_Matering_Language.framework */,
				22E957BC0F741C20F9DF9B35 /* Pods_Matering_LanguageTests.framework */,
				09C6AA5294A4CE7A057C4E26 /* Pods_Matering_LanguageUITests.framework */,
				9A10AB93C9FE6C6CCED49CFC /* Pods_Mastering_Language.framework */,
				6333FF9B5D0A5939F73800A9 /* Pods_Mastering_LanguageTests.framework */,
				E0595A2616DA0C1A2BD2080C /* Pods_Mastering_LanguageUITests.framework */,
			);
			name = Frameworks;
			sourceTree = "<group>";
		};
/* End PBXGroup section */

/* Begin PBXNativeTarget section */
		09A75C541F6B0235002472C7 /* Mastering Language */ = {
			isa = PBXNativeTarget;
			buildConfigurationList = 09A75C7D1F6B0236002472C7 /* Build configuration list for PBXNativeTarget "Mastering Language" */;
			buildPhases = (
				3A0A0197AD0B9FE4946A031C /* [CP] Check Pods Manifest.lock */,
				09A75C511F6B0235002472C7 /* Sources */,
				09A75C521F6B0235002472C7 /* Frameworks */,
				09A75C531F6B0235002472C7 /* Resources */,
				F97B3807E84377BCF1C3F3DF /* [CP] Embed Pods Frameworks */,
				C83D6345B5B5E120790C00D0 /* [CP] Copy Pods Resources */,
			);
			buildRules = (
			);
			dependencies = (
			);
			name = "Mastering Language";
			productName = "Matering Language";
			productReference = 09A75C551F6B0235002472C7 /* Mastering Language.app */;
			productType = "com.apple.product-type.application";
		};
		09A75C681F6B0235002472C7 /* Mastering LanguageTests */ = {
			isa = PBXNativeTarget;
			buildConfigurationList = 09A75C801F6B0236002472C7 /* Build configuration list for PBXNativeTarget "Mastering LanguageTests" */;
			buildPhases = (
				A5279CFA408C430DC19762A5 /* [CP] Check Pods Manifest.lock */,
				09A75C651F6B0235002472C7 /* Sources */,
				09A75C661F6B0235002472C7 /* Frameworks */,
				09A75C671F6B0235002472C7 /* Resources */,
				5B1D515FC6AF486E07FD3194 /* [CP] Embed Pods Frameworks */,
				3D1AB46F08E0CDC908FCB30F /* [CP] Copy Pods Resources */,
			);
			buildRules = (
			);
			dependencies = (
				09A75C6B1F6B0235002472C7 /* PBXTargetDependency */,
			);
			name = "Mastering LanguageTests";
			productName = "Matering LanguageTests";
			productReference = 09A75C691F6B0235002472C7 /* Mastering LanguageTests.xctest */;
			productType = "com.apple.product-type.bundle.unit-test";
		};
		09A75C731F6B0235002472C7 /* Mastering LanguageUITests */ = {
			isa = PBXNativeTarget;
			buildConfigurationList = 09A75C831F6B0236002472C7 /* Build configuration list for PBXNativeTarget "Mastering LanguageUITests" */;
			buildPhases = (
				A303919B7926CA157BD30ADA /* [CP] Check Pods Manifest.lock */,
				09A75C701F6B0235002472C7 /* Sources */,
				09A75C711F6B0235002472C7 /* Frameworks */,
				09A75C721F6B0235002472C7 /* Resources */,
				345E59841ED7166CF50DA269 /* [CP] Embed Pods Frameworks */,
				C6C1C92B3BDF9731FDAE1F2C /* [CP] Copy Pods Resources */,
			);
			buildRules = (
			);
			dependencies = (
				09A75C761F6B0235002472C7 /* PBXTargetDependency */,
			);
			name = "Mastering LanguageUITests";
			productName = "Matering LanguageUITests";
			productReference = 09A75C741F6B0235002472C7 /* Mastering LanguageUITests.xctest */;
			productType = "com.apple.product-type.bundle.ui-testing";
		};
/* End PBXNativeTarget section */

/* Begin PBXProject section */
		09A75C4D1F6B0235002472C7 /* Project object */ = {
			isa = PBXProject;
			attributes = {
				LastSwiftUpdateCheck = 0900;
				LastUpgradeCheck = 0900;
				ORGANIZATIONNAME = Moldedbits;
				TargetAttributes = {
					09A75C541F6B0235002472C7 = {
						CreatedOnToolsVersion = 9.0;
						ProvisioningStyle = Manual;
					};
					09A75C681F6B0235002472C7 = {
						CreatedOnToolsVersion = 9.0;
						ProvisioningStyle = Automatic;
						TestTargetID = 09A75C541F6B0235002472C7;
					};
					09A75C731F6B0235002472C7 = {
						CreatedOnToolsVersion = 9.0;
						ProvisioningStyle = Automatic;
						TestTargetID = 09A75C541F6B0235002472C7;
					};
				};
			};
			buildConfigurationList = 09A75C501F6B0235002472C7 /* Build configuration list for PBXProject "Mastering Language" */;
			compatibilityVersion = "Xcode 8.0";
			developmentRegion = en;
			hasScannedForEncodings = 0;
			knownRegions = (
				en,
				Base,
			);
			mainGroup = 09A75C4C1F6B0235002472C7;
			productRefGroup = 09A75C561F6B0235002472C7 /* Products */;
			projectDirPath = "";
			projectRoot = "";
			targets = (
				09A75C541F6B0235002472C7 /* Mastering Language */,
				09A75C681F6B0235002472C7 /* Mastering LanguageTests */,
				09A75C731F6B0235002472C7 /* Mastering LanguageUITests */,
			);
		};
/* End PBXProject section */

/* Begin PBXResourcesBuildPhase section */
		09A75C531F6B0235002472C7 /* Resources */ = {
			isa = PBXResourcesBuildPhase;
			buildActionMask = 2147483647;
			files = (
				09CCCC071F6B12E800E0B9B1 /* LoginViewController.xib in Resources */,
				1C0DBD241F6BC7AF006ED28C /* CategoriesTableViewCell.xib in Resources */,
				09A75C631F6B0235002472C7 /* LaunchScreen.storyboard in Resources */,
				1C90BE121F6B1A5300E85221 /* CategoriesViewController.xib in Resources */,
				09CCCC021F6B0D3E00E0B9B1 /* GoogleService-Info.plist in Resources */,
				1C0DBD291F6BC811006ED28C /* PassageViewController.xib in Resources */,
				09A75C601F6B0235002472C7 /* Assets.xcassets in Resources */,
				09A75C5E1F6B0235002472C7 /* Main.storyboard in Resources */,
			);
			runOnlyForDeploymentPostprocessing = 0;
		};
		09A75C671F6B0235002472C7 /* Resources */ = {
			isa = PBXResourcesBuildPhase;
			buildActionMask = 2147483647;
			files = (
			);
			runOnlyForDeploymentPostprocessing = 0;
		};
		09A75C721F6B0235002472C7 /* Resources */ = {
			isa = PBXResourcesBuildPhase;
			buildActionMask = 2147483647;
			files = (
			);
			runOnlyForDeploymentPostprocessing = 0;
		};
/* End PBXResourcesBuildPhase section */

/* Begin PBXShellScriptBuildPhase section */
		345E59841ED7166CF50DA269 /* [CP] Embed Pods Frameworks */ = {
			isa = PBXShellScriptBuildPhase;
			buildActionMask = 2147483647;
			files = (
			);
			inputPaths = (
			);
			name = "[CP] Embed Pods Frameworks";
			outputPaths = (
			);
			runOnlyForDeploymentPostprocessing = 0;
			shellPath = /bin/sh;
			shellScript = "\"${SRCROOT}/Pods/Target Support Files/Pods-Mastering LanguageUITests/Pods-Mastering LanguageUITests-frameworks.sh\"\n";
			showEnvVarsInLog = 0;
		};
		3A0A0197AD0B9FE4946A031C /* [CP] Check Pods Manifest.lock */ = {
			isa = PBXShellScriptBuildPhase;
			buildActionMask = 2147483647;
			files = (
			);
			inputPaths = (
				"${PODS_PODFILE_DIR_PATH}/Podfile.lock",
				"${PODS_ROOT}/Manifest.lock",
			);
			name = "[CP] Check Pods Manifest.lock";
			outputPaths = (
				"$(DERIVED_FILE_DIR)/Pods-Mastering Language-checkManifestLockResult.txt",
			);
			runOnlyForDeploymentPostprocessing = 0;
			shellPath = /bin/sh;
			shellScript = "diff \"${PODS_PODFILE_DIR_PATH}/Podfile.lock\" \"${PODS_ROOT}/Manifest.lock\" > /dev/null\nif [ $? != 0 ] ; then\n    # print error to STDERR\n    echo \"error: The sandbox is not in sync with the Podfile.lock. Run 'pod install' or update your CocoaPods installation.\" >&2\n    exit 1\nfi\n# This output is used by Xcode 'outputs' to avoid re-running this script phase.\necho \"SUCCESS\" > \"${SCRIPT_OUTPUT_FILE_0}\"\n";
			showEnvVarsInLog = 0;
		};
		3D1AB46F08E0CDC908FCB30F /* [CP] Copy Pods Resources */ = {
			isa = PBXShellScriptBuildPhase;
			buildActionMask = 2147483647;
			files = (
			);
			inputPaths = (
			);
			name = "[CP] Copy Pods Resources";
			outputPaths = (
			);
			runOnlyForDeploymentPostprocessing = 0;
			shellPath = /bin/sh;
			shellScript = "\"${SRCROOT}/Pods/Target Support Files/Pods-Mastering LanguageTests/Pods-Mastering LanguageTests-resources.sh\"\n";
			showEnvVarsInLog = 0;
		};
		5B1D515FC6AF486E07FD3194 /* [CP] Embed Pods Frameworks */ = {
			isa = PBXShellScriptBuildPhase;
			buildActionMask = 2147483647;
			files = (
			);
			inputPaths = (
			);
			name = "[CP] Embed Pods Frameworks";
			outputPaths = (
			);
			runOnlyForDeploymentPostprocessing = 0;
			shellPath = /bin/sh;
			shellScript = "\"${SRCROOT}/Pods/Target Support Files/Pods-Mastering LanguageTests/Pods-Mastering LanguageTests-frameworks.sh\"\n";
			showEnvVarsInLog = 0;
		};
		A303919B7926CA157BD30ADA /* [CP] Check Pods Manifest.lock */ = {
			isa = PBXShellScriptBuildPhase;
			buildActionMask = 2147483647;
			files = (
			);
			inputPaths = (
				"${PODS_PODFILE_DIR_PATH}/Podfile.lock",
				"${PODS_ROOT}/Manifest.lock",
			);
			name = "[CP] Check Pods Manifest.lock";
			outputPaths = (
				"$(DERIVED_FILE_DIR)/Pods-Mastering LanguageUITests-checkManifestLockResult.txt",
			);
			runOnlyForDeploymentPostprocessing = 0;
			shellPath = /bin/sh;
			shellScript = "diff \"${PODS_PODFILE_DIR_PATH}/Podfile.lock\" \"${PODS_ROOT}/Manifest.lock\" > /dev/null\nif [ $? != 0 ] ; then\n    # print error to STDERR\n    echo \"error: The sandbox is not in sync with the Podfile.lock. Run 'pod install' or update your CocoaPods installation.\" >&2\n    exit 1\nfi\n# This output is used by Xcode 'outputs' to avoid re-running this script phase.\necho \"SUCCESS\" > \"${SCRIPT_OUTPUT_FILE_0}\"\n";
			showEnvVarsInLog = 0;
		};
		A5279CFA408C430DC19762A5 /* [CP] Check Pods Manifest.lock */ = {
			isa = PBXShellScriptBuildPhase;
			buildActionMask = 2147483647;
			files = (
			);
			inputPaths = (
				"${PODS_PODFILE_DIR_PATH}/Podfile.lock",
				"${PODS_ROOT}/Manifest.lock",
			);
			name = "[CP] Check Pods Manifest.lock";
			outputPaths = (
				"$(DERIVED_FILE_DIR)/Pods-Mastering LanguageTests-checkManifestLockResult.txt",
			);
			runOnlyForDeploymentPostprocessing = 0;
			shellPath = /bin/sh;
			shellScript = "diff \"${PODS_PODFILE_DIR_PATH}/Podfile.lock\" \"${PODS_ROOT}/Manifest.lock\" > /dev/null\nif [ $? != 0 ] ; then\n    # print error to STDERR\n    echo \"error: The sandbox is not in sync with the Podfile.lock. Run 'pod install' or update your CocoaPods installation.\" >&2\n    exit 1\nfi\n# This output is used by Xcode 'outputs' to avoid re-running this script phase.\necho \"SUCCESS\" > \"${SCRIPT_OUTPUT_FILE_0}\"\n";
			showEnvVarsInLog = 0;
		};
		C6C1C92B3BDF9731FDAE1F2C /* [CP] Copy Pods Resources */ = {
			isa = PBXShellScriptBuildPhase;
			buildActionMask = 2147483647;
			files = (
			);
			inputPaths = (
			);
			name = "[CP] Copy Pods Resources";
			outputPaths = (
			);
			runOnlyForDeploymentPostprocessing = 0;
			shellPath = /bin/sh;
			shellScript = "\"${SRCROOT}/Pods/Target Support Files/Pods-Mastering LanguageUITests/Pods-Mastering LanguageUITests-resources.sh\"\n";
			showEnvVarsInLog = 0;
		};
		C83D6345B5B5E120790C00D0 /* [CP] Copy Pods Resources */ = {
			isa = PBXShellScriptBuildPhase;
			buildActionMask = 2147483647;
			files = (
			);
			inputPaths = (
				"${SRCROOT}/Pods/Target Support Files/Pods-Mastering Language/Pods-Mastering Language-resources.sh",
				"${PODS_ROOT}/GoogleSignIn/Resources/GoogleSignIn.bundle",
			);
			name = "[CP] Copy Pods Resources";
			outputPaths = (
				"${TARGET_BUILD_DIR}/${UNLOCALIZED_RESOURCES_FOLDER_PATH}",
			);
			runOnlyForDeploymentPostprocessing = 0;
			shellPath = /bin/sh;
			shellScript = "\"${SRCROOT}/Pods/Target Support Files/Pods-Mastering Language/Pods-Mastering Language-resources.sh\"\n";
			showEnvVarsInLog = 0;
		};
		F97B3807E84377BCF1C3F3DF /* [CP] Embed Pods Frameworks */ = {
			isa = PBXShellScriptBuildPhase;
			buildActionMask = 2147483647;
			files = (
			);
			inputPaths = (
				"${SRCROOT}/Pods/Target Support Files/Pods-Mastering Language/Pods-Mastering Language-frameworks.sh",
				"${BUILT_PRODUCTS_DIR}/GTMOAuth2/GTMOAuth2.framework",
				"${BUILT_PRODUCTS_DIR}/GTMSessionFetcher/GTMSessionFetcher.framework",
				"${BUILT_PRODUCTS_DIR}/GoogleToolboxForMac/GoogleToolboxForMac.framework",
				"${BUILT_PRODUCTS_DIR}/PromiseKit/PromiseKit.framework",
				"${BUILT_PRODUCTS_DIR}/leveldb-library/leveldb.framework",
				"${BUILT_PRODUCTS_DIR}/nanopb/nanopb.framework",
			);
			name = "[CP] Embed Pods Frameworks";
			outputPaths = (
				"${TARGET_BUILD_DIR}/${FRAMEWORKS_FOLDER_PATH}/GTMOAuth2.framework",
				"${TARGET_BUILD_DIR}/${FRAMEWORKS_FOLDER_PATH}/GTMSessionFetcher.framework",
				"${TARGET_BUILD_DIR}/${FRAMEWORKS_FOLDER_PATH}/GoogleToolboxForMac.framework",
				"${TARGET_BUILD_DIR}/${FRAMEWORKS_FOLDER_PATH}/PromiseKit.framework",
				"${TARGET_BUILD_DIR}/${FRAMEWORKS_FOLDER_PATH}/leveldb.framework",
				"${TARGET_BUILD_DIR}/${FRAMEWORKS_FOLDER_PATH}/nanopb.framework",
			);
			runOnlyForDeploymentPostprocessing = 0;
			shellPath = /bin/sh;
			shellScript = "\"${SRCROOT}/Pods/Target Support Files/Pods-Mastering Language/Pods-Mastering Language-frameworks.sh\"\n";
			showEnvVarsInLog = 0;
		};
/* End PBXShellScriptBuildPhase section */

/* Begin PBXSourcesBuildPhase section */
		09A75C511F6B0235002472C7 /* Sources */ = {
			isa = PBXSourcesBuildPhase;
			buildActionMask = 2147483647;
			files = (
				09CCCC061F6B12E800E0B9B1 /* LoginViewController.swift in Sources */,
				1C0DBD231F6BC7AF006ED28C /* CategoriesTableViewCell.swift in Sources */,
				1C0DBD1F1F6BC762006ED28C /* UIView+Extension.swift in Sources */,
				1C90BE081F6B10E200E85221 /* AppCoordinator.swift in Sources */,
				09CCCC0A1F6B1E1D00E0B9B1 /* DataManager.swift in Sources */,
				09A75C591F6B0235002472C7 /* AppDelegate.swift in Sources */,
				1C0DBD281F6BC811006ED28C /* PassageViewController.swift in Sources */,
				1C0DBD2D1F6BCBC9006ED28C /* CategoryList.swift in Sources */,
				1C90BE061F6B104600E85221 /* Coordinator.swift in Sources */,
				1C90BE111F6B1A5300E85221 /* CategoriesViewController.swift in Sources */,
			);
			runOnlyForDeploymentPostprocessing = 0;
		};
		09A75C651F6B0235002472C7 /* Sources */ = {
			isa = PBXSourcesBuildPhase;
			buildActionMask = 2147483647;
			files = (
				09A75C6E1F6B0235002472C7 /* Mastering_LanguageTests.swift in Sources */,
			);
			runOnlyForDeploymentPostprocessing = 0;
		};
		09A75C701F6B0235002472C7 /* Sources */ = {
			isa = PBXSourcesBuildPhase;
			buildActionMask = 2147483647;
			files = (
				09A75C791F6B0236002472C7 /* Mastering_LanguageUITests.swift in Sources */,
			);
			runOnlyForDeploymentPostprocessing = 0;
		};
/* End PBXSourcesBuildPhase section */

/* Begin PBXTargetDependency section */
		09A75C6B1F6B0235002472C7 /* PBXTargetDependency */ = {
			isa = PBXTargetDependency;
			target = 09A75C541F6B0235002472C7 /* Mastering Language */;
			targetProxy = 09A75C6A1F6B0235002472C7 /* PBXContainerItemProxy */;
		};
		09A75C761F6B0235002472C7 /* PBXTargetDependency */ = {
			isa = PBXTargetDependency;
			target = 09A75C541F6B0235002472C7 /* Mastering Language */;
			targetProxy = 09A75C751F6B0235002472C7 /* PBXContainerItemProxy */;
		};
/* End PBXTargetDependency section */

/* Begin PBXVariantGroup section */
		09A75C5C1F6B0235002472C7 /* Main.storyboard */ = {
			isa = PBXVariantGroup;
			children = (
				09A75C5D1F6B0235002472C7 /* Base */,
			);
			name = Main.storyboard;
			sourceTree = "<group>";
		};
		09A75C611F6B0235002472C7 /* LaunchScreen.storyboard */ = {
			isa = PBXVariantGroup;
			children = (
				09A75C621F6B0235002472C7 /* Base */,
			);
			name = LaunchScreen.storyboard;
			sourceTree = "<group>";
		};
/* End PBXVariantGroup section */

/* Begin XCBuildConfiguration section */
		09A75C7B1F6B0236002472C7 /* Debug */ = {
			isa = XCBuildConfiguration;
			buildSettings = {
				ALWAYS_SEARCH_USER_PATHS = NO;
				CLANG_ANALYZER_NONNULL = YES;
				CLANG_ANALYZER_NUMBER_OBJECT_CONVERSION = YES_AGGRESSIVE;
				CLANG_CXX_LANGUAGE_STANDARD = "gnu++14";
				CLANG_CXX_LIBRARY = "libc++";
				CLANG_ENABLE_MODULES = YES;
				CLANG_ENABLE_OBJC_ARC = YES;
				CLANG_WARN_BLOCK_CAPTURE_AUTORELEASING = YES;
				CLANG_WARN_BOOL_CONVERSION = YES;
				CLANG_WARN_COMMA = YES;
				CLANG_WARN_CONSTANT_CONVERSION = YES;
				CLANG_WARN_DIRECT_OBJC_ISA_USAGE = YES_ERROR;
				CLANG_WARN_DOCUMENTATION_COMMENTS = YES;
				CLANG_WARN_EMPTY_BODY = YES;
				CLANG_WARN_ENUM_CONVERSION = YES;
				CLANG_WARN_INFINITE_RECURSION = YES;
				CLANG_WARN_INT_CONVERSION = YES;
				CLANG_WARN_NON_LITERAL_NULL_CONVERSION = YES;
				CLANG_WARN_OBJC_LITERAL_CONVERSION = YES;
				CLANG_WARN_OBJC_ROOT_CLASS = YES_ERROR;
				CLANG_WARN_RANGE_LOOP_ANALYSIS = YES;
				CLANG_WARN_STRICT_PROTOTYPES = YES;
				CLANG_WARN_SUSPICIOUS_MOVE = YES;
				CLANG_WARN_UNGUARDED_AVAILABILITY = YES_AGGRESSIVE;
				CLANG_WARN_UNREACHABLE_CODE = YES;
				CLANG_WARN__DUPLICATE_METHOD_MATCH = YES;
				CODE_SIGN_IDENTITY = "iPhone Developer";
				COPY_PHASE_STRIP = NO;
				DEBUG_INFORMATION_FORMAT = dwarf;
				ENABLE_STRICT_OBJC_MSGSEND = YES;
				ENABLE_TESTABILITY = YES;
				GCC_C_LANGUAGE_STANDARD = gnu11;
				GCC_DYNAMIC_NO_PIC = NO;
				GCC_NO_COMMON_BLOCKS = YES;
				GCC_OPTIMIZATION_LEVEL = 0;
				GCC_PREPROCESSOR_DEFINITIONS = (
					"DEBUG=1",
					"$(inherited)",
				);
				GCC_WARN_64_TO_32_BIT_CONVERSION = YES;
				GCC_WARN_ABOUT_RETURN_TYPE = YES_ERROR;
				GCC_WARN_UNDECLARED_SELECTOR = YES;
				GCC_WARN_UNINITIALIZED_AUTOS = YES_AGGRESSIVE;
				GCC_WARN_UNUSED_FUNCTION = YES;
				GCC_WARN_UNUSED_VARIABLE = YES;
				IPHONEOS_DEPLOYMENT_TARGET = 11.0;
				MTL_ENABLE_DEBUG_INFO = YES;
				ONLY_ACTIVE_ARCH = YES;
				SDKROOT = iphoneos;
				SWIFT_ACTIVE_COMPILATION_CONDITIONS = DEBUG;
				SWIFT_OPTIMIZATION_LEVEL = "-Onone";
			};
			name = Debug;
		};
		09A75C7C1F6B0236002472C7 /* Release */ = {
			isa = XCBuildConfiguration;
			buildSettings = {
				ALWAYS_SEARCH_USER_PATHS = NO;
				CLANG_ANALYZER_NONNULL = YES;
				CLANG_ANALYZER_NUMBER_OBJECT_CONVERSION = YES_AGGRESSIVE;
				CLANG_CXX_LANGUAGE_STANDARD = "gnu++14";
				CLANG_CXX_LIBRARY = "libc++";
				CLANG_ENABLE_MODULES = YES;
				CLANG_ENABLE_OBJC_ARC = YES;
				CLANG_WARN_BLOCK_CAPTURE_AUTORELEASING = YES;
				CLANG_WARN_BOOL_CONVERSION = YES;
				CLANG_WARN_COMMA = YES;
				CLANG_WARN_CONSTANT_CONVERSION = YES;
				CLANG_WARN_DIRECT_OBJC_ISA_USAGE = YES_ERROR;
				CLANG_WARN_DOCUMENTATION_COMMENTS = YES;
				CLANG_WARN_EMPTY_BODY = YES;
				CLANG_WARN_ENUM_CONVERSION = YES;
				CLANG_WARN_INFINITE_RECURSION = YES;
				CLANG_WARN_INT_CONVERSION = YES;
				CLANG_WARN_NON_LITERAL_NULL_CONVERSION = YES;
				CLANG_WARN_OBJC_LITERAL_CONVERSION = YES;
				CLANG_WARN_OBJC_ROOT_CLASS = YES_ERROR;
				CLANG_WARN_RANGE_LOOP_ANALYSIS = YES;
				CLANG_WARN_STRICT_PROTOTYPES = YES;
				CLANG_WARN_SUSPICIOUS_MOVE = YES;
				CLANG_WARN_UNGUARDED_AVAILABILITY = YES_AGGRESSIVE;
				CLANG_WARN_UNREACHABLE_CODE = YES;
				CLANG_WARN__DUPLICATE_METHOD_MATCH = YES;
				CODE_SIGN_IDENTITY = "iPhone Developer";
				COPY_PHASE_STRIP = NO;
				DEBUG_INFORMATION_FORMAT = "dwarf-with-dsym";
				ENABLE_NS_ASSERTIONS = NO;
				ENABLE_STRICT_OBJC_MSGSEND = YES;
				GCC_C_LANGUAGE_STANDARD = gnu11;
				GCC_NO_COMMON_BLOCKS = YES;
				GCC_WARN_64_TO_32_BIT_CONVERSION = YES;
				GCC_WARN_ABOUT_RETURN_TYPE = YES_ERROR;
				GCC_WARN_UNDECLARED_SELECTOR = YES;
				GCC_WARN_UNINITIALIZED_AUTOS = YES_AGGRESSIVE;
				GCC_WARN_UNUSED_FUNCTION = YES;
				GCC_WARN_UNUSED_VARIABLE = YES;
				IPHONEOS_DEPLOYMENT_TARGET = 11.0;
				MTL_ENABLE_DEBUG_INFO = NO;
				SDKROOT = iphoneos;
				SWIFT_OPTIMIZATION_LEVEL = "-Owholemodule";
				VALIDATE_PRODUCT = YES;
			};
			name = Release;
		};
		09A75C7E1F6B0236002472C7 /* Debug */ = {
			isa = XCBuildConfiguration;
			baseConfigurationReference = F8381145B457436508C51E8B /* Pods-Mastering Language.debug.xcconfig */;
			buildSettings = {
				ASSETCATALOG_COMPILER_APPICON_NAME = AppIcon;
				CODE_SIGN_STYLE = Manual;
				DEVELOPMENT_TEAM = DHG6J45BG4;
				INFOPLIST_FILE = "Mastering Language/Info.plist";
				IPHONEOS_DEPLOYMENT_TARGET = 10.3;
				LD_RUNPATH_SEARCH_PATHS = "$(inherited) @executable_path/Frameworks";
				PRODUCT_BUNDLE_IDENTIFIER = "com.moldedbits.Matering-Language";
				PRODUCT_NAME = "$(TARGET_NAME)";
				PROVISIONING_PROFILE = "cbab3e2f-46f0-4520-b94e-20e3115ae4c7";
				PROVISIONING_PROFILE_SPECIFIER = "match Development com.moldedbits.Matering-Language";
				SWIFT_VERSION = 4.0;
				TARGETED_DEVICE_FAMILY = "1,2";
			};
			name = Debug;
		};
		09A75C7F1F6B0236002472C7 /* Release */ = {
			isa = XCBuildConfiguration;
			baseConfigurationReference = B1557B68B06F0A6DF91435E3 /* Pods-Mastering Language.release.xcconfig */;
			buildSettings = {
				ASSETCATALOG_COMPILER_APPICON_NAME = AppIcon;
				CODE_SIGN_STYLE = Manual;
				DEVELOPMENT_TEAM = DHG6J45BG4;
				INFOPLIST_FILE = "Mastering Language/Info.plist";
				IPHONEOS_DEPLOYMENT_TARGET = 10.3;
				LD_RUNPATH_SEARCH_PATHS = "$(inherited) @executable_path/Frameworks";
				PRODUCT_BUNDLE_IDENTIFIER = "com.moldedbits.Matering-Language";
				PRODUCT_NAME = "$(TARGET_NAME)";
				PROVISIONING_PROFILE = "cbab3e2f-46f0-4520-b94e-20e3115ae4c7";
				PROVISIONING_PROFILE_SPECIFIER = "match Development com.moldedbits.Matering-Language";
				SWIFT_VERSION = 4.0;
				TARGETED_DEVICE_FAMILY = "1,2";
			};
			name = Release;
		};
		09A75C811F6B0236002472C7 /* Debug */ = {
			isa = XCBuildConfiguration;
			baseConfigurationReference = 92CAA480FA0BA56E4593851B /* Pods-Mastering LanguageTests.debug.xcconfig */;
			buildSettings = {
				ALWAYS_EMBED_SWIFT_STANDARD_LIBRARIES = YES;
				BUNDLE_LOADER = "$(TEST_HOST)";
				CODE_SIGN_STYLE = Automatic;
				INFOPLIST_FILE = "Mastering LanguageTests/Info.plist";
				LD_RUNPATH_SEARCH_PATHS = "$(inherited) @executable_path/Frameworks @loader_path/Frameworks";
				PRODUCT_BUNDLE_IDENTIFIER = "com.moldedbits.Mastering-LanguageTests";
				PRODUCT_NAME = "$(TARGET_NAME)";
				SWIFT_VERSION = 4.0;
				TARGETED_DEVICE_FAMILY = "1,2";
				TEST_HOST = "$(BUILT_PRODUCTS_DIR)/Mastering Language.app/Mastering Language";
			};
			name = Debug;
		};
		09A75C821F6B0236002472C7 /* Release */ = {
			isa = XCBuildConfiguration;
			baseConfigurationReference = EA4DEDBEF04476260A79544B /* Pods-Mastering LanguageTests.release.xcconfig */;
			buildSettings = {
				ALWAYS_EMBED_SWIFT_STANDARD_LIBRARIES = YES;
				BUNDLE_LOADER = "$(TEST_HOST)";
				CODE_SIGN_STYLE = Automatic;
				INFOPLIST_FILE = "Mastering LanguageTests/Info.plist";
				LD_RUNPATH_SEARCH_PATHS = "$(inherited) @executable_path/Frameworks @loader_path/Frameworks";
				PRODUCT_BUNDLE_IDENTIFIER = "com.moldedbits.Mastering-LanguageTests";
				PRODUCT_NAME = "$(TARGET_NAME)";
				SWIFT_VERSION = 4.0;
				TARGETED_DEVICE_FAMILY = "1,2";
				TEST_HOST = "$(BUILT_PRODUCTS_DIR)/Mastering Language.app/Mastering Language";
			};
			name = Release;
		};
		09A75C841F6B0236002472C7 /* Debug */ = {
			isa = XCBuildConfiguration;
			baseConfigurationReference = FDC0867932B8988D97C2B1D3 /* Pods-Mastering LanguageUITests.debug.xcconfig */;
			buildSettings = {
				ALWAYS_EMBED_SWIFT_STANDARD_LIBRARIES = YES;
				CODE_SIGN_STYLE = Automatic;
				INFOPLIST_FILE = "Mastering LanguageUITests/Info.plist";
				LD_RUNPATH_SEARCH_PATHS = "$(inherited) @executable_path/Frameworks @loader_path/Frameworks";
				PRODUCT_BUNDLE_IDENTIFIER = "com.moldedbits.Mastering-LanguageUITests";
				PRODUCT_NAME = "$(TARGET_NAME)";
				SWIFT_VERSION = 4.0;
				TARGETED_DEVICE_FAMILY = "1,2";
				TEST_TARGET_NAME = "Mastering Language";
			};
			name = Debug;
		};
		09A75C851F6B0236002472C7 /* Release */ = {
			isa = XCBuildConfiguration;
			baseConfigurationReference = C16BCD8941D632C973679B64 /* Pods-Mastering LanguageUITests.release.xcconfig */;
			buildSettings = {
				ALWAYS_EMBED_SWIFT_STANDARD_LIBRARIES = YES;
				CODE_SIGN_STYLE = Automatic;
				INFOPLIST_FILE = "Mastering LanguageUITests/Info.plist";
				LD_RUNPATH_SEARCH_PATHS = "$(inherited) @executable_path/Frameworks @loader_path/Frameworks";
				PRODUCT_BUNDLE_IDENTIFIER = "com.moldedbits.Mastering-LanguageUITests";
				PRODUCT_NAME = "$(TARGET_NAME)";
				SWIFT_VERSION = 4.0;
				TARGETED_DEVICE_FAMILY = "1,2";
				TEST_TARGET_NAME = "Mastering Language";
			};
			name = Release;
		};
/* End XCBuildConfiguration section */

/* Begin XCConfigurationList section */
		09A75C501F6B0235002472C7 /* Build configuration list for PBXProject "Mastering Language" */ = {
			isa = XCConfigurationList;
			buildConfigurations = (
				09A75C7B1F6B0236002472C7 /* Debug */,
				09A75C7C1F6B0236002472C7 /* Release */,
			);
			defaultConfigurationIsVisible = 0;
			defaultConfigurationName = Release;
		};
		09A75C7D1F6B0236002472C7 /* Build configuration list for PBXNativeTarget "Mastering Language" */ = {
			isa = XCConfigurationList;
			buildConfigurations = (
				09A75C7E1F6B0236002472C7 /* Debug */,
				09A75C7F1F6B0236002472C7 /* Release */,
			);
			defaultConfigurationIsVisible = 0;
			defaultConfigurationName = Release;
		};
		09A75C801F6B0236002472C7 /* Build configuration list for PBXNativeTarget "Mastering LanguageTests" */ = {
			isa = XCConfigurationList;
			buildConfigurations = (
				09A75C811F6B0236002472C7 /* Debug */,
				09A75C821F6B0236002472C7 /* Release */,
			);
			defaultConfigurationIsVisible = 0;
			defaultConfigurationName = Release;
		};
		09A75C831F6B0236002472C7 /* Build configuration list for PBXNativeTarget "Mastering LanguageUITests" */ = {
			isa = XCConfigurationList;
			buildConfigurations = (
				09A75C841F6B0236002472C7 /* Debug */,
				09A75C851F6B0236002472C7 /* Release */,
			);
			defaultConfigurationIsVisible = 0;
			defaultConfigurationName = Release;
		};
/* End XCConfigurationList section */
	};
	rootObject = 09A75C4D1F6B0235002472C7 /* Project object */;
}
